
Microsoft Visual Studio Solution File, Format Version 12.00
# Visual Studio 15
VisualStudioVersion = 15.0.28307.102
MinimumVisualStudioVersion = 10.0.40219.1
Project("{E24C65DC-7377-472B-9ABA-BC803B73C61A}") = "KidsLearning", "KidsLearning\", "{6DB4149D-A936-424C-A7A8-14EE3E013DBF}"
	ProjectSection(WebsiteProperties) = preProject
		TargetFrameworkMoniker = ".NETFramework,Version%3Dv4.6.1"
		Debug.AspNetCompiler.VirtualPath = "/localhost_49891"
		Debug.AspNetCompiler.PhysicalPath = "KidsLearning\"
		Debug.AspNetCompiler.TargetPath = "PrecompiledWeb\localhost_49891\"
		Debug.AspNetCompiler.Updateable = "true"
		Debug.AspNetCompiler.ForceOverwrite = "true"
		Debug.AspNetCompiler.FixedNames = "false"
		Debug.AspNetCompiler.Debug = "True"
		Release.AspNetCompiler.VirtualPath = "/localhost_49891"
		Release.AspNetCompiler.PhysicalPath = "KidsLearning\"
		Release.AspNetCompiler.TargetPath = "PrecompiledWeb\localhost_49891\"
		Release.AspNetCompiler.Updateable = "true"
		Release.AspNetCompiler.ForceOverwrite = "true"
		Release.AspNetCompiler.FixedNames = "false"
		Release.AspNetCompiler.Debug = "False"
		VWDPort = "49891"
		SlnRelativePath = "KidsLearning\"
		DefaultWebSiteLanguage = "Visual C#"
	EndProjectSection
EndProject
Global
	GlobalSection(SolutionConfigurationPlatforms) = preSolution
		Debug|Any CPU = Debug|Any CPU
	EndGlobalSection
	GlobalSection(ProjectConfigurationPlatforms) = postSolution
		{6DB4149D-A936-424C-A7A8-14EE3E013DBF}.Debug|Any CPU.ActiveCfg = Debug|Any CPU
		{6DB4149D-A936-424C-A7A8-14EE3E013DBF}.Debug|Any CPU.Build.0 = Debug|Any CPU
	EndGlobalSection
	GlobalSection(SolutionProperties) = preSolution
		HideSolutionNode = FALSE
	EndGlobalSection
	GlobalSection(ExtensibilityGlobals) = postSolution
		SolutionGuid = {BA49FF4F-EE7C-4C83-A7DB-EF70FFC110AD}
	EndGlobalSection
EndGlobal
